
Microsoft Visual Studio Solution File, Format Version 12.00
# Visual Studio Version 17
VisualStudioVersion = 17.13.35931.197 d17.13
MinimumVisualStudioVersion = 10.0.40219.1
Project("{FAE04EC0-301F-11D3-BF4B-00C04F79EFBC}") = "ConsoleApp1", "ConsoleApp1\ConsoleApp1.csproj", "{A70D0C35-5C08-4FD6-9499-C6EC975DD37D}"
EndProject
Global
	GlobalSection(SolutionConfigurationPlatforms) = preSolution
		Debug|Any CPU = Debug|Any CPU
		Release|Any CPU = Release|Any CPU
	EndGlobalSection
	GlobalSection(ProjectConfigurationPlatforms) = postSolution
		{A70D0C35-5C08-4FD6-9499-C6EC975DD37D}.Debug|Any CPU.ActiveCfg = Debug|Any CPU
		{A70D0C35-5C08-4FD6-9499-C6EC975DD37D}.Debug|Any CPU.Build.0 = Debug|Any CPU
		{A70D0C35-5C08-4FD6-9499-C6EC975DD37D}.Release|Any CPU.ActiveCfg = Release|Any CPU
		{A70D0C35-5C08-4FD6-9499-C6EC975DD37D}.Release|Any CPU.Build.0 = Release|Any CPU
	EndGlobalSection
	GlobalSection(SolutionProperties) = preSolution
		HideSolutionNode = FALSE
	EndGlobalSection
	GlobalSection(ExtensibilityGlobals) = postSolution
		SolutionGuid = {F2BA4B03-41B9-415A-8929-D82BE60631A0}
	EndGlobalSection
EndGlobal
